
Microsoft Visual Studio Solution File, Format Version 12.00
# Visual Studio Version 17
VisualStudioVersion = 17.5.002.0
MinimumVisualStudioVersion = 10.0.40219.1
Project("{9A19103F-16F7-4668-BE54-9A1E7A4F7556}") = "DesafioFundamentos", "DesafioFundamentos.csproj", "{714A895C-92CF-4091-AEA0-80CF69450303}"
EndProject
Global
	GlobalSection(SolutionConfigurationPlatforms) = preSolution
		Debug|Any CPU = Debug|Any CPU
		Release|Any CPU = Release|Any CPU
	EndGlobalSection
	GlobalSection(ProjectConfigurationPlatforms) = postSolution
		{714A895C-92CF-4091-AEA0-80CF69450303}.Debug|Any CPU.ActiveCfg = Debug|Any CPU
		{714A895C-92CF-4091-AEA0-80CF69450303}.Debug|Any CPU.Build.0 = Debug|Any CPU
		{714A895C-92CF-4091-AEA0-80CF69450303}.Release|Any CPU.ActiveCfg = Release|Any CPU
		{714A895C-92CF-4091-AEA0-80CF69450303}.Release|Any CPU.Build.0 = Release|Any CPU
	EndGlobalSection
	GlobalSection(SolutionProperties) = preSolution
		HideSolutionNode = FALSE
	EndGlobalSection
	GlobalSection(ExtensibilityGlobals) = postSolution
		SolutionGuid = {826F78F0-9A08-44D8-ADE0-5A6DDB325027}
	EndGlobalSection
EndGlobal
